<?xml version="1.0" encoding="UTF-8" standalone="yes" ?>
<CodeBlocks_project_file>
	<FileVersion major="1" minor="6" />
	<Project>
		<Option title="Contra" />
		<Option pch_mode="2" />
		<Option compiler="gcc" />
		<Build>
			<Target title="Debug">
				<Option output="bin/Debug/Contra" prefix_auto="1" extension_auto="1" />
				<Option object_output="obj/Debug/" />
				<Option type="1" />
				<Option compiler="gcc" />
				<Compiler>
					<Add option="-std=c++11" />
					<Add option="-pg" />
					<Add option="-g" />
					<Add option="-DSFML_STATIC" />
					<Add directory="SFML-2.3/include" />
				</Compiler>
				<Linker>
					<Add option="-pg -lgmon" />
					<Add library="sfml-graphics-s" />
					<Add library="sfml-window-s" />
					<Add library="sfml-system-s" />
					<Add library="winmm" />
					<Add library="opengl32" />
					<Add library="gdi32" />
					<Add library="freetype" />
					<Add library="jpeg" />
					<Add directory="SFML-2.3/lib" />
				</Linker>
			</Target>
			<Target title="Release">
				<Option output="bin/Release/Contra" prefix_auto="1" extension_auto="1" />
				<Option object_output="obj/Release/" />
				<Option type="1" />
				<Option compiler="gcc" />
				<Compiler>
					<Add option="-O3" />
					<Add option="-std=c++11" />
					<Add option="-pg" />
					<Add option="-DSFML_STATIC" />
					<Add directory="SFML-2.3/include" />
				</Compiler>
				<Linker>
					<Add option="-pg -lgmon" />
					<Add library="sfml-graphics-s" />
					<Add library="sfml-window-s" />
					<Add library="sfml-system-s" />
					<Add library="winmm" />
					<Add library="opengl32" />
					<Add library="gdi32" />
					<Add library="freetype" />
					<Add library="jpeg" />
					<Add directory="SFML-2.3/lib" />
				</Linker>
			</Target>
		</Build>
		<Compiler>
			<Add option="-Wall" />
			<Add directory="SFML-2.3/include" />
		</Compiler>
		<Linker>
			<Add library="sfml-graphics-s" />
			<Add library="sfml-window-s" />
			<Add library="sfml-system-s" />
			<Add library="winmm" />
			<Add library="opengl32" />
			<Add library="gdi32" />
			<Add library="freetype" />
			<Add library="jpeg" />
			<Add directory="SFML-2.3/lib" />
		</Linker>
		<Unit filename="AnimatedSprite.cpp" />
		<Unit filename="AnimatedSprite.h" />
		<Unit filename="BackgroundManager.cpp" />
		<Unit filename="BackgroundManager.h" />
		<Unit filename="Bullet.cpp" />
		<Unit filename="Bullet.h" />
		<Unit filename="Camera.cpp" />
		<Unit filename="Camera.h" />
		<Unit filename="CollisionResolution.cpp" />
		<Unit filename="CollisionResolution.h" />
		<Unit filename="CollisionResponse.h" />
		<Unit filename="DataLoaders.cpp" />
		<Unit filename="DataLoaders.h" />
		<Unit filename="DestructibleBlock.cpp" />
		<Unit filename="DestructibleBlock.h" />
		<Unit filename="Direction.cpp" />
		<Unit filename="Direction.h" />
		<Unit filename="DynamicObject.cpp" />
		<Unit filename="DynamicObject.h" />
		<Unit filename="Enemy.cpp" />
		<Unit filename="Enemy.h" />
		<Unit filename="EnemySpawners.h" />
		<Unit filename="EntityBase.cpp" />
		<Unit filename="EntityBase.h" />
		<Unit filename="GlobalConstants.cpp" />
		<Unit filename="GlobalConstants.h" />
		<Unit filename="Gun.cpp" />
		<Unit filename="Gun.h" />
		<Unit filename="HitboxMovementController.cpp" />
		<Unit filename="HitboxMovementController.h" />
		<Unit filename="Main.cpp" />
		<Unit filename="ObjectHitbox.cpp" />
		<Unit filename="ObjectHitbox.h" />
		<Unit filename="OmniDirectionalTurret.cpp" />
		<Unit filename="OmniDirectionalTurret.h" />
		<Unit filename="Player.cpp" />
		<Unit filename="Player.h" />
		<Unit filename="PlayerManager.h" />
		<Unit filename="PowerUp.cpp" />
		<Unit filename="PowerUp.h" />
		<Unit filename="PreloadedData.cpp" />
		<Unit filename="PreloadedData.h" />
		<Unit filename="Random.cpp" />
		<Unit filename="Random.h" />
		<Unit filename="ShootingEntity.cpp" />
		<Unit filename="ShootingEntity.h" />
		<Unit filename="SpatialHash.h" />
		<Unit filename="SpatialHashEntry.h" />
		<Unit filename="Tile.cpp" />
		<Unit filename="Tile.h" />
		<Unit filename="TileCollisionHandling.cpp" />
		<Unit filename="TileCollisionHandling.h" />
		<Unit filename="TileMap.cpp" />
		<Unit filename="TileMap.h" />
		<Unit filename="TurretEnemy.cpp" />
		<Unit filename="TurretEnemy.h" />
		<Extensions>
			<code_completion />
			<envvars />
			<debugger />
		</Extensions>
	</Project>
</CodeBlocks_project_file>
